
Microsoft Visual Studio Solution File, Format Version 12.00
# Visual Studio Version 17
VisualStudioVersion = 17.0.31903.59
MinimumVisualStudioVersion = 10.0.40219.1
Project("{2150E333-8FDC-42A3-9474-1A3956D46DE8}") = "src", "src", "{E73B0BB8-7A24-4E51-8519-A412C25A8465}"
EndProject
Project("{FAE04EC0-301F-11D3-BF4B-00C04F79EFBC}") = "MediatrDemo.Api", "src\MediatrDemo.Api\MediatrDemo.Api.csproj", "{59B86F0C-70D7-41DB-A88D-19942BDCB866}"
EndProject
Project("{FAE04EC0-301F-11D3-BF4B-00C04F79EFBC}") = "MediatrDemo.Application", "src\MediatrDemo.Application\MediatrDemo.Application.csproj", "{D72001CE-4259-40CB-926A-A7A7E159C313}"
EndProject
Project("{FAE04EC0-301F-11D3-BF4B-00C04F79EFBC}") = "MediatrDemo.Domain", "src\MediatrDemo.Domain\MediatrDemo.Domain.csproj", "{1F5D69AB-17D5-466B-9944-D39E32AA6F8F}"
EndProject
Project("{FAE04EC0-301F-11D3-BF4B-00C04F79EFBC}") = "MediatrDemo.Infrastructure", "src\MediatrDemo.Infrastructure\MediatrDemo.Infrastructure.csproj", "{64B7DF66-E710-4E0D-8270-B66C576C6F26}"
EndProject
Project("{2150E333-8FDC-42A3-9474-1A3956D46DE8}") = "test", "test", "{36ECE8BB-AF9B-45CB-939B-13DEB4C10A26}"
EndProject
Project("{FAE04EC0-301F-11D3-BF4B-00C04F79EFBC}") = "MediatrDemo.IntegrationTests", "test\MediatrDemo.IntegrationTests\MediatrDemo.IntegrationTests.csproj", "{9F24A455-1569-4D6E-9FB7-60CDDC908544}"
EndProject
Project("{FAE04EC0-301F-11D3-BF4B-00C04F79EFBC}") = "MediatrDemo.UnitTests", "test\MediatrDemo.UnitTests\MediatrDemo.UnitTests.csproj", "{77AB4CC8-EC67-407F-87D6-2D3DD0B01B2B}"
EndProject
Project("{2150E333-8FDC-42A3-9474-1A3956D46DE8}") = "files", "files", "{D380154B-632D-41A7-B017-2C5D3AD80A42}"
	ProjectSection(SolutionItems) = preProject
		.editorconfig = .editorconfig
		global.json = global.json
		Directory.Build.props = Directory.Build.props
		.gitignore = .gitignore
		.github\workflows\ci.yml = .github\workflows\ci.yml
		README.md = README.md
	EndProjectSection
EndProject
Global
	GlobalSection(SolutionConfigurationPlatforms) = preSolution
		Debug|Any CPU = Debug|Any CPU
		Release|Any CPU = Release|Any CPU
	EndGlobalSection
	GlobalSection(SolutionProperties) = preSolution
		HideSolutionNode = FALSE
	EndGlobalSection
	GlobalSection(ProjectConfigurationPlatforms) = postSolution
		{59B86F0C-70D7-41DB-A88D-19942BDCB866}.Debug|Any CPU.ActiveCfg = Debug|Any CPU
		{59B86F0C-70D7-41DB-A88D-19942BDCB866}.Debug|Any CPU.Build.0 = Debug|Any CPU
		{59B86F0C-70D7-41DB-A88D-19942BDCB866}.Release|Any CPU.ActiveCfg = Release|Any CPU
		{59B86F0C-70D7-41DB-A88D-19942BDCB866}.Release|Any CPU.Build.0 = Release|Any CPU
		{D72001CE-4259-40CB-926A-A7A7E159C313}.Debug|Any CPU.ActiveCfg = Debug|Any CPU
		{D72001CE-4259-40CB-926A-A7A7E159C313}.Debug|Any CPU.Build.0 = Debug|Any CPU
		{D72001CE-4259-40CB-926A-A7A7E159C313}.Release|Any CPU.ActiveCfg = Release|Any CPU
		{D72001CE-4259-40CB-926A-A7A7E159C313}.Release|Any CPU.Build.0 = Release|Any CPU
		{1F5D69AB-17D5-466B-9944-D39E32AA6F8F}.Debug|Any CPU.ActiveCfg = Debug|Any CPU
		{1F5D69AB-17D5-466B-9944-D39E32AA6F8F}.Debug|Any CPU.Build.0 = Debug|Any CPU
		{1F5D69AB-17D5-466B-9944-D39E32AA6F8F}.Release|Any CPU.ActiveCfg = Release|Any CPU
		{1F5D69AB-17D5-466B-9944-D39E32AA6F8F}.Release|Any CPU.Build.0 = Release|Any CPU
		{64B7DF66-E710-4E0D-8270-B66C576C6F26}.Debug|Any CPU.ActiveCfg = Debug|Any CPU
		{64B7DF66-E710-4E0D-8270-B66C576C6F26}.Debug|Any CPU.Build.0 = Debug|Any CPU
		{64B7DF66-E710-4E0D-8270-B66C576C6F26}.Release|Any CPU.ActiveCfg = Release|Any CPU
		{64B7DF66-E710-4E0D-8270-B66C576C6F26}.Release|Any CPU.Build.0 = Release|Any CPU
		{9F24A455-1569-4D6E-9FB7-60CDDC908544}.Debug|Any CPU.ActiveCfg = Debug|Any CPU
		{9F24A455-1569-4D6E-9FB7-60CDDC908544}.Debug|Any CPU.Build.0 = Debug|Any CPU
		{9F24A455-1569-4D6E-9FB7-60CDDC908544}.Release|Any CPU.ActiveCfg = Release|Any CPU
		{9F24A455-1569-4D6E-9FB7-60CDDC908544}.Release|Any CPU.Build.0 = Release|Any CPU
		{77AB4CC8-EC67-407F-87D6-2D3DD0B01B2B}.Debug|Any CPU.ActiveCfg = Debug|Any CPU
		{77AB4CC8-EC67-407F-87D6-2D3DD0B01B2B}.Debug|Any CPU.Build.0 = Debug|Any CPU
		{77AB4CC8-EC67-407F-87D6-2D3DD0B01B2B}.Release|Any CPU.ActiveCfg = Release|Any CPU
		{77AB4CC8-EC67-407F-87D6-2D3DD0B01B2B}.Release|Any CPU.Build.0 = Release|Any CPU
	EndGlobalSection
	GlobalSection(NestedProjects) = preSolution
		{59B86F0C-70D7-41DB-A88D-19942BDCB866} = {E73B0BB8-7A24-4E51-8519-A412C25A8465}
		{D72001CE-4259-40CB-926A-A7A7E159C313} = {E73B0BB8-7A24-4E51-8519-A412C25A8465}
		{1F5D69AB-17D5-466B-9944-D39E32AA6F8F} = {E73B0BB8-7A24-4E51-8519-A412C25A8465}
		{64B7DF66-E710-4E0D-8270-B66C576C6F26} = {E73B0BB8-7A24-4E51-8519-A412C25A8465}
		{9F24A455-1569-4D6E-9FB7-60CDDC908544} = {36ECE8BB-AF9B-45CB-939B-13DEB4C10A26}
		{77AB4CC8-EC67-407F-87D6-2D3DD0B01B2B} = {36ECE8BB-AF9B-45CB-939B-13DEB4C10A26}
	EndGlobalSection
EndGlobal
